// !$*UTF8*$!
{
	archiveVersion = 1;
	classes = {
	};
	objectVersion = 48;
	objects = {

/* Begin PBXBuildFile section */
		0CE7D3AD1FBB7CF900EDA4D3 /* AddItemTableViewControllerDelegate.swift in Sources */ = {isa = PBXBuildFile; fileRef = 0CE7D3AC1FBB7CF900EDA4D3 /* AddItemTableViewControllerDelegate.swift */; };
		0CEABF491FBA46D400D58771 /* AppDelegate.swift in Sources */ = {isa = PBXBuildFile; fileRef = 0CEABF481FBA46D400D58771 /* AppDelegate.swift */; };
		0CEABF4B1FBA46D400D58771 /* BucketListViewController.swift in Sources */ = {isa = PBXBuildFile; fileRef = 0CEABF4A1FBA46D400D58771 /* BucketListViewController.swift */; };
		0CEABF4E1FBA46D400D58771 /* Main.storyboard in Resources */ = {isa = PBXBuildFile; fileRef = 0CEABF4C1FBA46D400D58771 /* Main.storyboard */; };
		0CEABF501FBA46D400D58771 /* Assets.xcassets in Resources */ = {isa = PBXBuildFile; fileRef = 0CEABF4F1FBA46D400D58771 /* Assets.xcassets */; };
		0CEABF531FBA46D400D58771 /* LaunchScreen.storyboard in Resources */ = {isa = PBXBuildFile; fileRef = 0CEABF511FBA46D400D58771 /* LaunchScreen.storyboard */; };
		0CEABF5E1FBA46D500D58771 /* bucketListTests.swift in Sources */ = {isa = PBXBuildFile; fileRef = 0CEABF5D1FBA46D500D58771 /* bucketListTests.swift */; };
		0CEABF691FBA46D500D58771 /* bucketListUITests.swift in Sources */ = {isa = PBXBuildFile; fileRef = 0CEABF681FBA46D500D58771 /* bucketListUITests.swift */; };
		0CEABF791FBA5F8B00D58771 /* AddItemTableViewController.swift in Sources */ = {isa = PBXBuildFile; fileRef = 0CEABF781FBA5F8B00D58771 /* AddItemTableViewController.swift */; };
		0CEABF7B1FBA613400D58771 /* cancelButtonDelegate.swift in Sources */ = {isa = PBXBuildFile; fileRef = 0CEABF7A1FBA613400D58771 /* cancelButtonDelegate.swift */; };
/* End PBXBuildFile section */

/* Begin PBXContainerItemProxy section */
		0CEABF5A1FBA46D500D58771 /* PBXContainerItemProxy */ = {
			isa = PBXContainerItemProxy;
			containerPortal = 0CEABF3D1FBA46D400D58771 /* Project object */;
			proxyType = 1;
			remoteGlobalIDString = 0CEABF441FBA46D400D58771;
			remoteInfo = bucketList;
		};
		0CEABF651FBA46D500D58771 /* PBXContainerItemProxy */ = {
			isa = PBXContainerItemProxy;
			containerPortal = 0CEABF3D1FBA46D400D58771 /* Project object */;
			proxyType = 1;
			remoteGlobalIDString = 0CEABF441FBA46D400D58771;
			remoteInfo = bucketList;
		};
/* End PBXContainerItemProxy section */

/* Begin PBXFileReference section */
		0CE7D3AC1FBB7CF900EDA4D3 /* AddItemTableViewControllerDelegate.swift */ = {isa = PBXFileReference; lastKnownFileType = sourcecode.swift; path = AddItemTableViewControllerDelegate.swift; sourceTree = "<group>"; };
		0CEABF451FBA46D400D58771 /* bucketList.app */ = {isa = PBXFileReference; explicitFileType = wrapper.application; includeInIndex = 0; path = bucketList.app; sourceTree = BUILT_PRODUCTS_DIR; };
		0CEABF481FBA46D400D58771 /* AppDelegate.swift */ = {isa = PBXFileReference; lastKnownFileType = sourcecode.swift; path = AppDelegate.swift; sourceTree = "<group>"; };
		0CEABF4A1FBA46D400D58771 /* BucketListViewController.swift */ = {isa = PBXFileReference; lastKnownFileType = sourcecode.swift; path = BucketListViewController.swift; sourceTree = "<group>"; };
		0CEABF4D1FBA46D400D58771 /* Base */ = {isa = PBXFileReference; lastKnownFileType = file.storyboard; name = Base; path = Base.lproj/Main.storyboard; sourceTree = "<group>"; };
		0CEABF4F1FBA46D400D58771 /* Assets.xcassets */ = {isa = PBXFileReference; lastKnownFileType = folder.assetcatalog; path = Assets.xcassets; sourceTree = "<group>"; };
		0CEABF521FBA46D400D58771 /* Base */ = {isa = PBXFileReference; lastKnownFileType = file.storyboard; name = Base; path = Base.lproj/LaunchScreen.storyboard; sourceTree = "<group>"; };
		0CEABF541FBA46D400D58771 /* Info.plist */ = {isa = PBXFileReference; lastKnownFileType = text.plist.xml; path = Info.plist; sourceTree = "<group>"; };
		0CEABF591FBA46D500D58771 /* bucketListTests.xctest */ = {isa = PBXFileReference; explicitFileType = wrapper.cfbundle; includeInIndex = 0; path = bucketListTests.xctest; sourceTree = BUILT_PRODUCTS_DIR; };
		0CEABF5D1FBA46D500D58771 /* bucketListTests.swift */ = {isa = PBXFileReference; lastKnownFileType = sourcecode.swift; path = bucketListTests.swift; sourceTree = "<group>"; };
		0CEABF5F1FBA46D500D58771 /* Info.plist */ = {isa = PBXFileReference; lastKnownFileType = text.plist.xml; path = Info.plist; sourceTree = "<group>"; };
		0CEABF641FBA46D500D58771 /* bucketListUITests.xctest */ = {isa = PBXFileReference; explicitFileType = wrapper.cfbundle; includeInIndex = 0; path = bucketListUITests.xctest; sourceTree = BUILT_PRODUCTS_DIR; };
		0CEABF681FBA46D500D58771 /* bucketListUITests.swift */ = {isa = PBXFileReference; lastKnownFileType = sourcecode.swift; path = bucketListUITests.swift; sourceTree = "<group>"; };
		0CEABF6A1FBA46D500D58771 /* Info.plist */ = {isa = PBXFileReference; lastKnownFileType = text.plist.xml; path = Info.plist; sourceTree = "<group>"; };
		0CEABF781FBA5F8B00D58771 /* AddItemTableViewController.swift */ = {isa = PBXFileReference; lastKnownFileType = sourcecode.swift; path = AddItemTableViewController.swift; sourceTree = "<group>"; };
		0CEABF7A1FBA613400D58771 /* cancelButtonDelegate.swift */ = {isa = PBXFileReference; lastKnownFileType = sourcecode.swift; path = cancelButtonDelegate.swift; sourceTree = "<group>"; };
/* End PBXFileReference section */

/* Begin PBXFrameworksBuildPhase section */
		0CEABF421FBA46D400D58771 /* Frameworks */ = {
			isa = PBXFrameworksBuildPhase;
			buildActionMask = 2147483647;
			files = (
			);
			runOnlyForDeploymentPostprocessing = 0;
		};
		0CEABF561FBA46D500D58771 /* Frameworks */ = {
			isa = PBXFrameworksBuildPhase;
			buildActionMask = 2147483647;
			files = (
			);
			runOnlyForDeploymentPostprocessing = 0;
		};
		0CEABF611FBA46D500D58771 /* Frameworks */ = {
			isa = PBXFrameworksBuildPhase;
			buildActionMask = 2147483647;
			files = (
			);
			runOnlyForDeploymentPostprocessing = 0;
		};
/* End PBXFrameworksBuildPhase section */

/* Begin PBXGroup section */
		0CEABF3C1FBA46D400D58771 = {
			isa = PBXGroup;
			children = (
				0CEABF471FBA46D400D58771 /* bucketList */,
				0CEABF5C1FBA46D500D58771 /* bucketListTests */,
				0CEABF671FBA46D500D58771 /* bucketListUITests */,
				0CEABF461FBA46D400D58771 /* Products */,
			);
			sourceTree = "<group>";
		};
		0CEABF461FBA46D400D58771 /* Products */ = {
			isa = PBXGroup;
			children = (
				0CEABF451FBA46D400D58771 /* bucketList.app */,
				0CEABF591FBA46D500D58771 /* bucketListTests.xctest */,
				0CEABF641FBA46D500D58771 /* bucketListUITests.xctest */,
			);
			name = Products;
			sourceTree = "<group>";
		};
		0CEABF471FBA46D400D58771 /* bucketList */ = {
			isa = PBXGroup;
			children = (
				0CEABF481FBA46D400D58771 /* AppDelegate.swift */,
				0CEABF4A1FBA46D400D58771 /* BucketListViewController.swift */,
				0CEABF4C1FBA46D400D58771 /* Main.storyboard */,
				0CE7D3AC1FBB7CF900EDA4D3 /* AddItemTableViewControllerDelegate.swift */,
				0CEABF7A1FBA613400D58771 /* cancelButtonDelegate.swift */,
				0CEABF781FBA5F8B00D58771 /* AddItemTableViewController.swift */,
				0CEABF4F1FBA46D400D58771 /* Assets.xcassets */,
				0CEABF511FBA46D400D58771 /* LaunchScreen.storyboard */,
				0CEABF541FBA46D400D58771 /* Info.plist */,
			);
			path = bucketList;
			sourceTree = "<group>";
		};
		0CEABF5C1FBA46D500D58771 /* bucketListTests */ = {
			isa = PBXGroup;
			children = (
				0CEABF5D1FBA46D500D58771 /* bucketListTests.swift */,
				0CEABF5F1FBA46D500D58771 /* Info.plist */,
			);
			path = bucketListTests;
			sourceTree = "<group>";
		};
		0CEABF671FBA46D500D58771 /* bucketListUITests */ = {
			isa = PBXGroup;
			children = (
				0CEABF681FBA46D500D58771 /* bucketListUITests.swift */,
				0CEABF6A1FBA46D500D58771 /* Info.plist */,
			);
			path = bucketListUITests;
			sourceTree = "<group>";
		};
/* End PBXGroup section */

/* Begin PBXNativeTarget section */
		0CEABF441FBA46D400D58771 /* bucketList */ = {
			isa = PBXNativeTarget;
			buildConfigurationList = 0CEABF6D1FBA46D500D58771 /* Build configuration list for PBXNativeTarget "bucketList" */;
			buildPhases = (
				0CEABF411FBA46D400D58771 /* Sources */,
				0CEABF421FBA46D400D58771 /* Frameworks */,
				0CEABF431FBA46D400D58771 /* Resources */,
			);
			buildRules = (
			);
			dependencies = (
			);
			name = bucketList;
			productName = bucketList;
			productReference = 0CEABF451FBA46D400D58771 /* bucketList.app */;
			productType = "com.apple.product-type.application";
		};
		0CEABF581FBA46D500D58771 /* bucketListTests */ = {
			isa = PBXNativeTarget;
			buildConfigurationList = 0CEABF701FBA46D500D58771 /* Build configuration list for PBXNativeTarget "bucketListTests" */;
			buildPhases = (
				0CEABF551FBA46D500D58771 /* Sources */,
				0CEABF561FBA46D500D58771 /* Frameworks */,
				0CEABF571FBA46D500D58771 /* Resources */,
			);
			buildRules = (
			);
			dependencies = (
				0CEABF5B1FBA46D500D58771 /* PBXTargetDependency */,
			);
			name = bucketListTests;
			productName = bucketListTests;
			productReference = 0CEABF591FBA46D500D58771 /* bucketListTests.xctest */;
			productType = "com.apple.product-type.bundle.unit-test";
		};
		0CEABF631FBA46D500D58771 /* bucketListUITests */ = {
			isa = PBXNativeTarget;
			buildConfigurationList = 0CEABF731FBA46D500D58771 /* Build configuration list for PBXNativeTarget "bucketListUITests" */;
			buildPhases = (
				0CEABF601FBA46D500D58771 /* Sources */,
				0CEABF611FBA46D500D58771 /* Frameworks */,
				0CEABF621FBA46D500D58771 /* Resources */,
			);
			buildRules = (
			);
			dependencies = (
				0CEABF661FBA46D500D58771 /* PBXTargetDependency */,
			);
			name = bucketListUITests;
			productName = bucketListUITests;
			productReference = 0CEABF641FBA46D500D58771 /* bucketListUITests.xctest */;
			productType = "com.apple.product-type.bundle.ui-testing";
		};
/* End PBXNativeTarget section */

/* Begin PBXProject section */
		0CEABF3D1FBA46D400D58771 /* Project object */ = {
			isa = PBXProject;
			attributes = {
				LastSwiftUpdateCheck = 0910;
				LastUpgradeCheck = 0910;
				ORGANIZATIONNAME = "Stacey Abbott";
				TargetAttributes = {
					0CEABF441FBA46D400D58771 = {
						CreatedOnToolsVersion = 9.1;
						ProvisioningStyle = Automatic;
					};
					0CEABF581FBA46D500D58771 = {
						CreatedOnToolsVersion = 9.1;
						ProvisioningStyle = Automatic;
						TestTargetID = 0CEABF441FBA46D400D58771;
					};
					0CEABF631FBA46D500D58771 = {
						CreatedOnToolsVersion = 9.1;
						ProvisioningStyle = Automatic;
						TestTargetID = 0CEABF441FBA46D400D58771;
					};
				};
			};
			buildConfigurationList = 0CEABF401FBA46D400D58771 /* Build configuration list for PBXProject "bucketList" */;
			compatibilityVersion = "Xcode 8.0";
			developmentRegion = en;
			hasScannedForEncodings = 0;
			knownRegions = (
				en,
				Base,
			);
			mainGroup = 0CEABF3C1FBA46D400D58771;
			productRefGroup = 0CEABF461FBA46D400D58771 /* Products */;
			projectDirPath = "";
			projectRoot = "";
			targets = (
				0CEABF441FBA46D400D58771 /* bucketList */,
				0CEABF581FBA46D500D58771 /* bucketListTests */,
				0CEABF631FBA46D500D58771 /* bucketListUITests */,
			);
		};
/* End PBXProject section */

/* Begin PBXResourcesBuildPhase section */
		0CEABF431FBA46D400D58771 /* Resources */ = {
			isa = PBXResourcesBuildPhase;
			buildActionMask = 2147483647;
			files = (
				0CEABF531FBA46D400D58771 /* LaunchScreen.storyboard in Resources */,
				0CEABF501FBA46D400D58771 /* Assets.xcassets in Resources */,
				0CEABF4E1FBA46D400D58771 /* Main.storyboard in Resources */,
			);
			runOnlyForDeploymentPostprocessing = 0;
		};
		0CEABF571FBA46D500D58771 /* Resources */ = {
			isa = PBXResourcesBuildPhase;
			buildActionMask = 2147483647;
			files = (
			);
			runOnlyForDeploymentPostprocessing = 0;
		};
		0CEABF621FBA46D500D58771 /* Resources */ = {
			isa = PBXResourcesBuildPhase;
			buildActionMask = 2147483647;
			files = (
			);
			runOnlyForDeploymentPostprocessing = 0;
		};
/* End PBXResourcesBuildPhase section */

/* Begin PBXSourcesBuildPhase section */
		0CEABF411FBA46D400D58771 /* Sources */ = {
			isa = PBXSourcesBuildPhase;
			buildActionMask = 2147483647;
			files = (
				0CEABF4B1FBA46D400D58771 /* BucketListViewController.swift in Sources */,
				0CEABF491FBA46D400D58771 /* AppDelegate.swift in Sources */,
				0CEABF7B1FBA613400D58771 /* cancelButtonDelegate.swift in Sources */,
				0CE7D3AD1FBB7CF900EDA4D3 /* AddItemTableViewControllerDelegate.swift in Sources */,
				0CEABF791FBA5F8B00D58771 /* AddItemTableViewController.swift in Sources */,
			);
			runOnlyForDeploymentPostprocessing = 0;
		};
		0CEABF551FBA46D500D58771 /* Sources */ = {
			isa = PBXSourcesBuildPhase;
			buildActionMask = 2147483647;
			files = (
				0CEABF5E1FBA46D500D58771 /* bucketListTests.swift in Sources */,
			);
			runOnlyForDeploymentPostprocessing = 0;
		};
		0CEABF601FBA46D500D58771 /* Sources */ = {
			isa = PBXSourcesBuildPhase;
			buildActionMask = 2147483647;
			files = (
				0CEABF691FBA46D500D58771 /* bucketListUITests.swift in Sources */,
			);
			runOnlyForDeploymentPostprocessing = 0;
		};
/* End PBXSourcesBuildPhase section */

/* Begin PBXTargetDependency section */
		0CEABF5B1FBA46D500D58771 /* PBXTargetDependency */ = {
			isa = PBXTargetDependency;
			target = 0CEABF441FBA46D400D58771 /* bucketList */;
			targetProxy = 0CEABF5A1FBA46D500D58771 /* PBXContainerItemProxy */;
		};
		0CEABF661FBA46D500D58771 /* PBXTargetDependency */ = {
			isa = PBXTargetDependency;
			target = 0CEABF441FBA46D400D58771 /* bucketList */;
			targetProxy = 0CEABF651FBA46D500D58771 /* PBXContainerItemProxy */;
		};
/* End PBXTargetDependency section */

/* Begin PBXVariantGroup section */
		0CEABF4C1FBA46D400D58771 /* Main.storyboard */ = {
			isa = PBXVariantGroup;
			children = (
				0CEABF4D1FBA46D400D58771 /* Base */,
			);
			name = Main.storyboard;
			sourceTree = "<group>";
		};
		0CEABF511FBA46D400D58771 /* LaunchScreen.storyboard */ = {
			isa = PBXVariantGroup;
			children = (
				0CEABF521FBA46D400D58771 /* Base */,
			);
			name = LaunchScreen.storyboard;
			sourceTree = "<group>";
		};
/* End PBXVariantGroup section */

/* Begin XCBuildConfiguration section */
		0CEABF6B1FBA46D500D58771 /* Debug */ = {
			isa = XCBuildConfiguration;
			buildSettings = {
				ALWAYS_SEARCH_USER_PATHS = NO;
				CLANG_ANALYZER_NONNULL = YES;
				CLANG_ANALYZER_NUMBER_OBJECT_CONVERSION = YES_AGGRESSIVE;
				CLANG_CXX_LANGUAGE_STANDARD = "gnu++14";
				CLANG_CXX_LIBRARY = "libc++";
				CLANG_ENABLE_MODULES = YES;
				CLANG_ENABLE_OBJC_ARC = YES;
				CLANG_WARN_BLOCK_CAPTURE_AUTORELEASING = YES;
				CLANG_WARN_BOOL_CONVERSION = YES;
				CLANG_WARN_COMMA = YES;
				CLANG_WARN_CONSTANT_CONVERSION = YES;
				CLANG_WARN_DIRECT_OBJC_ISA_USAGE = YES_ERROR;
				CLANG_WARN_DOCUMENTATION_COMMENTS = YES;
				CLANG_WARN_EMPTY_BODY = YES;
				CLANG_WARN_ENUM_CONVERSION = YES;
				CLANG_WARN_INFINITE_RECURSION = YES;
				CLANG_WARN_INT_CONVERSION = YES;
				CLANG_WARN_NON_LITERAL_NULL_CONVERSION = YES;
				CLANG_WARN_OBJC_LITERAL_CONVERSION = YES;
				CLANG_WARN_OBJC_ROOT_CLASS = YES_ERROR;
				CLANG_WARN_RANGE_LOOP_ANALYSIS = YES;
				CLANG_WARN_STRICT_PROTOTYPES = YES;
				CLANG_WARN_SUSPICIOUS_MOVE = YES;
				CLANG_WARN_UNGUARDED_AVAILABILITY = YES_AGGRESSIVE;
				CLANG_WARN_UNREACHABLE_CODE = YES;
				CLANG_WARN__DUPLICATE_METHOD_MATCH = YES;
				CODE_SIGN_IDENTITY = "iPhone Developer";
				COPY_PHASE_STRIP = NO;
				DEBUG_INFORMATION_FORMAT = dwarf;
				ENABLE_STRICT_OBJC_MSGSEND = YES;
				ENABLE_TESTABILITY = YES;
				GCC_C_LANGUAGE_STANDARD = gnu11;
				GCC_DYNAMIC_NO_PIC = NO;
				GCC_NO_COMMON_BLOCKS = YES;
				GCC_OPTIMIZATION_LEVEL = 0;
				GCC_PREPROCESSOR_DEFINITIONS = (
					"DEBUG=1",
					"$(inherited)",
				);
				GCC_WARN_64_TO_32_BIT_CONVERSION = YES;
				GCC_WARN_ABOUT_RETURN_TYPE = YES_ERROR;
				GCC_WARN_UNDECLARED_SELECTOR = YES;
				GCC_WARN_UNINITIALIZED_AUTOS = YES_AGGRESSIVE;
				GCC_WARN_UNUSED_FUNCTION = YES;
				GCC_WARN_UNUSED_VARIABLE = YES;
				IPHONEOS_DEPLOYMENT_TARGET = 11.1;
				MTL_ENABLE_DEBUG_INFO = YES;
				ONLY_ACTIVE_ARCH = YES;
				SDKROOT = iphoneos;
				SWIFT_ACTIVE_COMPILATION_CONDITIONS = DEBUG;
				SWIFT_OPTIMIZATION_LEVEL = "-Onone";
			};
			name = Debug;
		};
		0CEABF6C1FBA46D500D58771 /* Release */ = {
			isa = XCBuildConfiguration;
			buildSettings = {
				ALWAYS_SEARCH_USER_PATHS = NO;
				CLANG_ANALYZER_NONNULL = YES;
				CLANG_ANALYZER_NUMBER_OBJECT_CONVERSION = YES_AGGRESSIVE;
				CLANG_CXX_LANGUAGE_STANDARD = "gnu++14";
				CLANG_CXX_LIBRARY = "libc++";
				CLANG_ENABLE_MODULES = YES;
				CLANG_ENABLE_OBJC_ARC = YES;
				CLANG_WARN_BLOCK_CAPTURE_AUTORELEASING = YES;
				CLANG_WARN_BOOL_CONVERSION = YES;
				CLANG_WARN_COMMA = YES;
				CLANG_WARN_CONSTANT_CONVERSION = YES;
				CLANG_WARN_DIRECT_OBJC_ISA_USAGE = YES_ERROR;
				CLANG_WARN_DOCUMENTATION_COMMENTS = YES;
				CLANG_WARN_EMPTY_BODY = YES;
				CLANG_WARN_ENUM_CONVERSION = YES;
				CLANG_WARN_INFINITE_RECURSION = YES;
				CLANG_WARN_INT_CONVERSION = YES;
				CLANG_WARN_NON_LITERAL_NULL_CONVERSION = YES;
				CLANG_WARN_OBJC_LITERAL_CONVERSION = YES;
				CLANG_WARN_OBJC_ROOT_CLASS = YES_ERROR;
				CLANG_WARN_RANGE_LOOP_ANALYSIS = YES;
				CLANG_WARN_STRICT_PROTOTYPES = YES;
				CLANG_WARN_SUSPICIOUS_MOVE = YES;
				CLANG_WARN_UNGUARDED_AVAILABILITY = YES_AGGRESSIVE;
				CLANG_WARN_UNREACHABLE_CODE = YES;
				CLANG_WARN__DUPLICATE_METHOD_MATCH = YES;
				CODE_SIGN_IDENTITY = "iPhone Developer";
				COPY_PHASE_STRIP = NO;
				DEBUG_INFORMATION_FORMAT = "dwarf-with-dsym";
				ENABLE_NS_ASSERTIONS = NO;
				ENABLE_STRICT_OBJC_MSGSEND = YES;
				GCC_C_LANGUAGE_STANDARD = gnu11;
				GCC_NO_COMMON_BLOCKS = YES;
				GCC_WARN_64_TO_32_BIT_CONVERSION = YES;
				GCC_WARN_ABOUT_RETURN_TYPE = YES_ERROR;
				GCC_WARN_UNDECLARED_SELECTOR = YES;
				GCC_WARN_UNINITIALIZED_AUTOS = YES_AGGRESSIVE;
				GCC_WARN_UNUSED_FUNCTION = YES;
				GCC_WARN_UNUSED_VARIABLE = YES;
				IPHONEOS_DEPLOYMENT_TARGET = 11.1;
				MTL_ENABLE_DEBUG_INFO = NO;
				SDKROOT = iphoneos;
				SWIFT_OPTIMIZATION_LEVEL = "-Owholemodule";
				VALIDATE_PRODUCT = YES;
			};
			name = Release;
		};
		0CEABF6E1FBA46D500D58771 /* Debug */ = {
			isa = XCBuildConfiguration;
			buildSettings = {
				ASSETCATALOG_COMPILER_APPICON_NAME = AppIcon;
				CODE_SIGN_STYLE = Automatic;
				INFOPLIST_FILE = bucketList/Info.plist;
				LD_RUNPATH_SEARCH_PATHS = "$(inherited) @executable_path/Frameworks";
				PRODUCT_BUNDLE_IDENTIFIER = com.codingdojo.bucketList;
				PRODUCT_NAME = "$(TARGET_NAME)";
				SWIFT_VERSION = 4.0;
				TARGETED_DEVICE_FAMILY = "1,2";
			};
			name = Debug;
		};
		0CEABF6F1FBA46D500D58771 /* Release */ = {
			isa = XCBuildConfiguration;
			buildSettings = {
				ASSETCATALOG_COMPILER_APPICON_NAME = AppIcon;
				CODE_SIGN_STYLE = Automatic;
				INFOPLIST_FILE = bucketList/Info.plist;
				LD_RUNPATH_SEARCH_PATHS = "$(inherited) @executable_path/Frameworks";
				PRODUCT_BUNDLE_IDENTIFIER = com.codingdojo.bucketList;
				PRODUCT_NAME = "$(TARGET_NAME)";
				SWIFT_VERSION = 4.0;
				TARGETED_DEVICE_FAMILY = "1,2";
			};
			name = Release;
		};
		0CEABF711FBA46D500D58771 /* Debug */ = {
			isa = XCBuildConfiguration;
			buildSettings = {
				ALWAYS_EMBED_SWIFT_STANDARD_LIBRARIES = YES;
				BUNDLE_LOADER = "$(TEST_HOST)";
				CODE_SIGN_STYLE = Automatic;
				INFOPLIST_FILE = bucketListTests/Info.plist;
				LD_RUNPATH_SEARCH_PATHS = "$(inherited) @executable_path/Frameworks @loader_path/Frameworks";
				PRODUCT_BUNDLE_IDENTIFIER = com.codingdojo.bucketListTests;
				PRODUCT_NAME = "$(TARGET_NAME)";
				SWIFT_VERSION = 4.0;
				TARGETED_DEVICE_FAMILY = "1,2";
				TEST_HOST = "$(BUILT_PRODUCTS_DIR)/bucketList.app/bucketList";
			};
			name = Debug;
		};
		0CEABF721FBA46D500D58771 /* Release */ = {
			isa = XCBuildConfiguration;
			buildSettings = {
				ALWAYS_EMBED_SWIFT_STANDARD_LIBRARIES = YES;
				BUNDLE_LOADER = "$(TEST_HOST)";
				CODE_SIGN_STYLE = Automatic;
				INFOPLIST_FILE = bucketListTests/Info.plist;
				LD_RUNPATH_SEARCH_PATHS = "$(inherited) @executable_path/Frameworks @loader_path/Frameworks";
				PRODUCT_BUNDLE_IDENTIFIER = com.codingdojo.bucketListTests;
				PRODUCT_NAME = "$(TARGET_NAME)";
				SWIFT_VERSION = 4.0;
				TARGETED_DEVICE_FAMILY = "1,2";
				TEST_HOST = "$(BUILT_PRODUCTS_DIR)/bucketList.app/bucketList";
			};
			name = Release;
		};
		0CEABF741FBA46D500D58771 /* Debug */ = {
			isa = XCBuildConfiguration;
			buildSettings = {
				ALWAYS_EMBED_SWIFT_STANDARD_LIBRARIES = YES;
				CODE_SIGN_STYLE = Automatic;
				INFOPLIST_FILE = bucketListUITests/Info.plist;
				LD_RUNPATH_SEARCH_PATHS = "$(inherited) @executable_path/Frameworks @loader_path/Frameworks";
				PRODUCT_BUNDLE_IDENTIFIER = com.codingdojo.bucketListUITests;
				PRODUCT_NAME = "$(TARGET_NAME)";
				SWIFT_VERSION = 4.0;
				TARGETED_DEVICE_FAMILY = "1,2";
				TEST_TARGET_NAME = bucketList;
			};
			name = Debug;
		};
		0CEABF751FBA46D500D58771 /* Release */ = {
			isa = XCBuildConfiguration;
			buildSettings = {
				ALWAYS_EMBED_SWIFT_STANDARD_LIBRARIES = YES;
				CODE_SIGN_STYLE = Automatic;
				INFOPLIST_FILE = bucketListUITests/Info.plist;
				LD_RUNPATH_SEARCH_PATHS = "$(inherited) @executable_path/Frameworks @loader_path/Frameworks";
				PRODUCT_BUNDLE_IDENTIFIER = com.codingdojo.bucketListUITests;
				PRODUCT_NAME = "$(TARGET_NAME)";
				SWIFT_VERSION = 4.0;
				TARGETED_DEVICE_FAMILY = "1,2";
				TEST_TARGET_NAME = bucketList;
			};
			name = Release;
		};
/* End XCBuildConfiguration section */

/* Begin XCConfigurationList section */
		0CEABF401FBA46D400D58771 /* Build configuration list for PBXProject "bucketList" */ = {
			isa = XCConfigurationList;
			buildConfigurations = (
				0CEABF6B1FBA46D500D58771 /* Debug */,
				0CEABF6C1FBA46D500D58771 /* Release */,
			);
			defaultConfigurationIsVisible = 0;
			defaultConfigurationName = Release;
		};
		0CEABF6D1FBA46D500D58771 /* Build configuration list for PBXNativeTarget "bucketList" */ = {
			isa = XCConfigurationList;
			buildConfigurations = (
				0CEABF6E1FBA46D500D58771 /* Debug */,
				0CEABF6F1FBA46D500D58771 /* Release */,
			);
			defaultConfigurationIsVisible = 0;
			defaultConfigurationName = Release;
		};
		0CEABF701FBA46D500D58771 /* Build configuration list for PBXNativeTarget "bucketListTests" */ = {
			isa = XCConfigurationList;
			buildConfigurations = (
				0CEABF711FBA46D500D58771 /* Debug */,
				0CEABF721FBA46D500D58771 /* Release */,
			);
			defaultConfigurationIsVisible = 0;
			defaultConfigurationName = Release;
		};
		0CEABF731FBA46D500D58771 /* Build configuration list for PBXNativeTarget "bucketListUITests" */ = {
			isa = XCConfigurationList;
			buildConfigurations = (
				0CEABF741FBA46D500D58771 /* Debug */,
				0CEABF751FBA46D500D58771 /* Release */,
			);
			defaultConfigurationIsVisible = 0;
			defaultConfigurationName = Release;
		};
/* End XCConfigurationList section */
	};
	rootObject = 0CEABF3D1FBA46D400D58771 /* Project object */;
}
